
Microsoft Visual Studio Solution File, Format Version 12.00
# Visual Studio Version 17
VisualStudioVersion = 17.5.33516.290
MinimumVisualStudioVersion = 10.0.40219.1
Project("{FAE04EC0-301F-11D3-BF4B-00C04F79EFBC}") = "CarGame", "CarGame.csproj", "{C1EC5F70-D63C-4930-9174-31C7290E6E20}"
EndProject
Global
	GlobalSection(SolutionConfigurationPlatforms) = preSolution
		Debug|Any CPU = Debug|Any CPU
		Release|Any CPU = Release|Any CPU
	EndGlobalSection
	GlobalSection(ProjectConfigurationPlatforms) = postSolution
		{C1EC5F70-D63C-4930-9174-31C7290E6E20}.Debug|Any CPU.ActiveCfg = Debug|Any CPU
		{C1EC5F70-D63C-4930-9174-31C7290E6E20}.Debug|Any CPU.Build.0 = Debug|Any CPU
		{C1EC5F70-D63C-4930-9174-31C7290E6E20}.Release|Any CPU.ActiveCfg = Release|Any CPU
		{C1EC5F70-D63C-4930-9174-31C7290E6E20}.Release|Any CPU.Build.0 = Release|Any CPU
	EndGlobalSection
	GlobalSection(SolutionProperties) = preSolution
		HideSolutionNode = FALSE
	EndGlobalSection
	GlobalSection(ExtensibilityGlobals) = postSolution
		SolutionGuid = {AA362EAB-0CAF-4D50-B3F3-E4E0609F9F4E}
	EndGlobalSection
EndGlobal
