
Microsoft Visual Studio Solution File, Format Version 12.00
# Visual Studio Version 17
VisualStudioVersion = 17.4.33122.133
MinimumVisualStudioVersion = 10.0.40219.1
Project("{FAE04EC0-301F-11D3-BF4B-00C04F79EFBC}") = "SimpleMenu", "SimpleMenu.csproj", "{F9E01498-A058-4EED-B362-25C8E1CF1DCE}"
EndProject
Global
	GlobalSection(SolutionConfigurationPlatforms) = preSolution
		Debug|Any CPU = Debug|Any CPU
		Release|Any CPU = Release|Any CPU
	EndGlobalSection
	GlobalSection(ProjectConfigurationPlatforms) = postSolution
		{F9E01498-A058-4EED-B362-25C8E1CF1DCE}.Debug|Any CPU.ActiveCfg = Debug|Any CPU
		{F9E01498-A058-4EED-B362-25C8E1CF1DCE}.Debug|Any CPU.Build.0 = Debug|Any CPU
		{F9E01498-A058-4EED-B362-25C8E1CF1DCE}.Release|Any CPU.ActiveCfg = Release|Any CPU
		{F9E01498-A058-4EED-B362-25C8E1CF1DCE}.Release|Any CPU.Build.0 = Release|Any CPU
	EndGlobalSection
	GlobalSection(SolutionProperties) = preSolution
		HideSolutionNode = FALSE
	EndGlobalSection
	GlobalSection(ExtensibilityGlobals) = postSolution
		SolutionGuid = {71F3EE57-D5E7-410E-B1A9-ACDDC37B87E5}
	EndGlobalSection
EndGlobal
