
Microsoft Visual Studio Solution File, Format Version 12.00
# Visual Studio Version 17
VisualStudioVersion = 17.4.33122.133
MinimumVisualStudioVersion = 10.0.40219.1
Project("{FAE04EC0-301F-11D3-BF4B-00C04F79EFBC}") = "Accuracy", "Accuracy.csproj", "{C3D98911-508C-444E-81D6-6F2801F3C1E9}"
EndProject
Global
	GlobalSection(SolutionConfigurationPlatforms) = preSolution
		Debug|Any CPU = Debug|Any CPU
		Release|Any CPU = Release|Any CPU
	EndGlobalSection
	GlobalSection(ProjectConfigurationPlatforms) = postSolution
		{C3D98911-508C-444E-81D6-6F2801F3C1E9}.Debug|Any CPU.ActiveCfg = Debug|Any CPU
		{C3D98911-508C-444E-81D6-6F2801F3C1E9}.Debug|Any CPU.Build.0 = Debug|Any CPU
		{C3D98911-508C-444E-81D6-6F2801F3C1E9}.Release|Any CPU.ActiveCfg = Release|Any CPU
		{C3D98911-508C-444E-81D6-6F2801F3C1E9}.Release|Any CPU.Build.0 = Release|Any CPU
	EndGlobalSection
	GlobalSection(SolutionProperties) = preSolution
		HideSolutionNode = FALSE
	EndGlobalSection
	GlobalSection(ExtensibilityGlobals) = postSolution
		SolutionGuid = {9C1AB468-6688-45F4-84BE-EC4E5ED9765B}
	EndGlobalSection
EndGlobal
