
Microsoft Visual Studio Solution File, Format Version 12.00
# Visual Studio Version 17
VisualStudioVersion = 17.5.33516.290
MinimumVisualStudioVersion = 10.0.40219.1
Project("{FAE04EC0-301F-11D3-BF4B-00C04F79EFBC}") = "RockPaperScissors", "RockPaperScissors.csproj", "{F8849B3E-0819-4D26-AE26-C1045F78D6BA}"
EndProject
Global
	GlobalSection(SolutionConfigurationPlatforms) = preSolution
		Debug|Any CPU = Debug|Any CPU
		Release|Any CPU = Release|Any CPU
	EndGlobalSection
	GlobalSection(ProjectConfigurationPlatforms) = postSolution
		{F8849B3E-0819-4D26-AE26-C1045F78D6BA}.Debug|Any CPU.ActiveCfg = Debug|Any CPU
		{F8849B3E-0819-4D26-AE26-C1045F78D6BA}.Debug|Any CPU.Build.0 = Debug|Any CPU
		{F8849B3E-0819-4D26-AE26-C1045F78D6BA}.Release|Any CPU.ActiveCfg = Release|Any CPU
		{F8849B3E-0819-4D26-AE26-C1045F78D6BA}.Release|Any CPU.Build.0 = Release|Any CPU
	EndGlobalSection
	GlobalSection(SolutionProperties) = preSolution
		HideSolutionNode = FALSE
	EndGlobalSection
	GlobalSection(ExtensibilityGlobals) = postSolution
		SolutionGuid = {F517A7E9-D4BA-4CE7-A317-E378B076D777}
	EndGlobalSection
EndGlobal
